
Microsoft Visual Studio Solution File, Format Version 12.00
# Visual Studio Version 17
VisualStudioVersion = 17.11.35303.130
MinimumVisualStudioVersion = 10.0.40219.1
Project("{FAE04EC0-301F-11D3-BF4B-00C04F79EFBC}") = "RoomateFinder", "RoomateFinder\RoomateFinder.csproj", "{7C1C16B2-F038-470C-BEAA-EA3ACA3E1A98}"
EndProject
Project("{FAE04EC0-301F-11D3-BF4B-00C04F79EFBC}") = "RoomateFinderTests", "RoomateFinderTests\RoomateFinderTests.csproj", "{C905FAD6-391E-4334-9ECD-D917FD9ACA93}"
EndProject
Project("{FAE04EC0-301F-11D3-BF4B-00C04F79EFBC}") = "RoomateFinderEngne", "RoomateFinderEngne\RoomateFinderEngne.csproj", "{530597DE-E841-4B62-A304-1CC07AE780BA}"
EndProject
Global
	GlobalSection(SolutionConfigurationPlatforms) = preSolution
		Debug|Any CPU = Debug|Any CPU
		Release|Any CPU = Release|Any CPU
	EndGlobalSection
	GlobalSection(ProjectConfigurationPlatforms) = postSolution
		{7C1C16B2-F038-470C-BEAA-EA3ACA3E1A98}.Debug|Any CPU.ActiveCfg = Debug|Any CPU
		{7C1C16B2-F038-470C-BEAA-EA3ACA3E1A98}.Debug|Any CPU.Build.0 = Debug|Any CPU
		{7C1C16B2-F038-470C-BEAA-EA3ACA3E1A98}.Release|Any CPU.ActiveCfg = Release|Any CPU
		{7C1C16B2-F038-470C-BEAA-EA3ACA3E1A98}.Release|Any CPU.Build.0 = Release|Any CPU
		{C905FAD6-391E-4334-9ECD-D917FD9ACA93}.Debug|Any CPU.ActiveCfg = Debug|Any CPU
		{C905FAD6-391E-4334-9ECD-D917FD9ACA93}.Debug|Any CPU.Build.0 = Debug|Any CPU
		{C905FAD6-391E-4334-9ECD-D917FD9ACA93}.Release|Any CPU.ActiveCfg = Release|Any CPU
		{C905FAD6-391E-4334-9ECD-D917FD9ACA93}.Release|Any CPU.Build.0 = Release|Any CPU
		{530597DE-E841-4B62-A304-1CC07AE780BA}.Debug|Any CPU.ActiveCfg = Debug|Any CPU
		{530597DE-E841-4B62-A304-1CC07AE780BA}.Debug|Any CPU.Build.0 = Debug|Any CPU
		{530597DE-E841-4B62-A304-1CC07AE780BA}.Release|Any CPU.ActiveCfg = Release|Any CPU
		{530597DE-E841-4B62-A304-1CC07AE780BA}.Release|Any CPU.Build.0 = Release|Any CPU
	EndGlobalSection
	GlobalSection(SolutionProperties) = preSolution
		HideSolutionNode = FALSE
	EndGlobalSection
	GlobalSection(ExtensibilityGlobals) = postSolution
		SolutionGuid = {1927027A-7DAC-4297-8DD4-1974A0717B88}
	EndGlobalSection
EndGlobal
